// !$*UTF8*$!
{
	archiveVersion = 1;
	classes = {
	};
	objectVersion = 46;
	objects = {

/* Begin PBXBuildFile section */
		2A2807E1F3EFEB4E0331F0A4 /* Pods_Test_for_gglads.framework in Frameworks */ = {isa = PBXBuildFile; fileRef = 43C4A617727D44316F5DED69 /* Pods_Test_for_gglads.framework */; };
		33F590771E23970700ADF0C2 /* TitleButton.swift in Sources */ = {isa = PBXBuildFile; fileRef = 33F590761E23970700ADF0C2 /* TitleButton.swift */; };
		33F5907B1E23ABB500ADF0C2 /* GetCategoriesManager.swift in Sources */ = {isa = PBXBuildFile; fileRef = 33F5907A1E23ABB500ADF0C2 /* GetCategoriesManager.swift */; };
		33F5907F1E23ACC600ADF0C2 /* Category+CoreDataProperties.swift in Sources */ = {isa = PBXBuildFile; fileRef = 33F5907D1E23ACC600ADF0C2 /* Category+CoreDataProperties.swift */; };
		33F590801E23ACC600ADF0C2 /* Category.swift in Sources */ = {isa = PBXBuildFile; fileRef = 33F5907E1E23ACC600ADF0C2 /* Category.swift */; };
		33F590821E23AD5A00ADF0C2 /* CategoryFabric.swift in Sources */ = {isa = PBXBuildFile; fileRef = 33F590811E23AD5A00ADF0C2 /* CategoryFabric.swift */; };
		33F590881E23BA1B00ADF0C2 /* CategoriesViewController.swift in Sources */ = {isa = PBXBuildFile; fileRef = 33F590871E23BA1B00ADF0C2 /* CategoriesViewController.swift */; };
		33F5908B1E23E31000ADF0C2 /* CategoryTableViewCell.swift in Sources */ = {isa = PBXBuildFile; fileRef = 33F5908A1E23E31000ADF0C2 /* CategoryTableViewCell.swift */; };
		33F590951E244EC200ADF0C2 /* DetailViewController.swift in Sources */ = {isa = PBXBuildFile; fileRef = 33F590941E244EC200ADF0C2 /* DetailViewController.swift */; };
		33FB9F201E22BE30005B6913 /* UILabel.swift in Sources */ = {isa = PBXBuildFile; fileRef = 33FB9F1F1E22BE30005B6913 /* UILabel.swift */; };
		33FB9F251E22C4EA005B6913 /* SwiftyJSON.swift in Sources */ = {isa = PBXBuildFile; fileRef = 33FB9F231E22C4EA005B6913 /* SwiftyJSON.swift */; };
		33FB9F261E22C4EA005B6913 /* API_WRAPPER.swift in Sources */ = {isa = PBXBuildFile; fileRef = 33FB9F241E22C4EA005B6913 /* API_WRAPPER.swift */; };
		33FB9F291E22C53B005B6913 /* Const.swift in Sources */ = {isa = PBXBuildFile; fileRef = 33FB9F281E22C53B005B6913 /* Const.swift */; };
		33FB9F2B1E22CAB7005B6913 /* GetPostsManager.swift in Sources */ = {isa = PBXBuildFile; fileRef = 33FB9F2A1E22CAB7005B6913 /* GetPostsManager.swift */; };
		33FB9F2F1E22CB97005B6913 /* Alerts.swift in Sources */ = {isa = PBXBuildFile; fileRef = 33FB9F2D1E22CB97005B6913 /* Alerts.swift */; };
		33FB9F301E22CB97005B6913 /* TopMessages.swift in Sources */ = {isa = PBXBuildFile; fileRef = 33FB9F2E1E22CB97005B6913 /* TopMessages.swift */; };
		33FB9F361E22CFBF005B6913 /* Product+CoreDataProperties.swift in Sources */ = {isa = PBXBuildFile; fileRef = 33FB9F351E22CFBF005B6913 /* Product+CoreDataProperties.swift */; };
		33FD57581E200ABB00ADA93C /* LikeButton.swift in Sources */ = {isa = PBXBuildFile; fileRef = 33FD57571E200ABB00ADA93C /* LikeButton.swift */; };
		33FD575A1E200CB400ADA93C /* ShowAllButton.swift in Sources */ = {isa = PBXBuildFile; fileRef = 33FD57591E200CB400ADA93C /* ShowAllButton.swift */; };
		33FD6BA91E214E8B0012B0AF /* Protocols.swift in Sources */ = {isa = PBXBuildFile; fileRef = 33FD6BA81E214E8B0012B0AF /* Protocols.swift */; };
		33FE042F1E1ECA8D0061A044 /* AppDelegate.swift in Sources */ = {isa = PBXBuildFile; fileRef = 33FE042E1E1ECA8D0061A044 /* AppDelegate.swift */; };
		33FE04311E1ECA8D0061A044 /* ProductViewController.swift in Sources */ = {isa = PBXBuildFile; fileRef = 33FE04301E1ECA8D0061A044 /* ProductViewController.swift */; };
		33FE04341E1ECA8D0061A044 /* Main.storyboard in Resources */ = {isa = PBXBuildFile; fileRef = 33FE04321E1ECA8D0061A044 /* Main.storyboard */; };
		33FE04371E1ECA8D0061A044 /* Test_for_gglads.xcdatamodeld in Sources */ = {isa = PBXBuildFile; fileRef = 33FE04351E1ECA8D0061A044 /* Test_for_gglads.xcdatamodeld */; };
		33FE04391E1ECA8D0061A044 /* Assets.xcassets in Resources */ = {isa = PBXBuildFile; fileRef = 33FE04381E1ECA8D0061A044 /* Assets.xcassets */; };
		33FE043C1E1ECA8D0061A044 /* LaunchScreen.storyboard in Resources */ = {isa = PBXBuildFile; fileRef = 33FE043A1E1ECA8D0061A044 /* LaunchScreen.storyboard */; };
		33FE044A1E1ECC000061A044 /* ProductTableViewCell.swift in Sources */ = {isa = PBXBuildFile; fileRef = 33FE04481E1ECC000061A044 /* ProductTableViewCell.swift */; };
		33FE044B1E1ECC000061A044 /* ProductTableViewCell.xib in Resources */ = {isa = PBXBuildFile; fileRef = 33FE04491E1ECC000061A044 /* ProductTableViewCell.xib */; };
		33FE04561E1EE4520061A044 /* Product.swift in Sources */ = {isa = PBXBuildFile; fileRef = 33FE04541E1EE4520061A044 /* Product.swift */; };
		33FE045D1E1EE7FB0061A044 /* CoreDataManager.swift in Sources */ = {isa = PBXBuildFile; fileRef = 33FE045C1E1EE7FB0061A044 /* CoreDataManager.swift */; };
		33FE045F1E1EE88C0061A044 /* ProductFabric.swift in Sources */ = {isa = PBXBuildFile; fileRef = 33FE045E1E1EE88C0061A044 /* ProductFabric.swift */; };
/* End PBXBuildFile section */

/* Begin PBXFileReference section */
		22535185546140ADEC093485 /* Pods-Test_for_gglads.release.xcconfig */ = {isa = PBXFileReference; includeInIndex = 1; lastKnownFileType = text.xcconfig; name = "Pods-Test_for_gglads.release.xcconfig"; path = "Pods/Target Support Files/Pods-Test_for_gglads/Pods-Test_for_gglads.release.xcconfig"; sourceTree = "<group>"; };
		33F590761E23970700ADF0C2 /* TitleButton.swift */ = {isa = PBXFileReference; fileEncoding = 4; lastKnownFileType = sourcecode.swift; path = TitleButton.swift; sourceTree = "<group>"; };
		33F5907A1E23ABB500ADF0C2 /* GetCategoriesManager.swift */ = {isa = PBXFileReference; fileEncoding = 4; lastKnownFileType = sourcecode.swift; path = GetCategoriesManager.swift; sourceTree = "<group>"; };
		33F5907D1E23ACC600ADF0C2 /* Category+CoreDataProperties.swift */ = {isa = PBXFileReference; fileEncoding = 4; lastKnownFileType = sourcecode.swift; path = "Category+CoreDataProperties.swift"; sourceTree = "<group>"; };
		33F5907E1E23ACC600ADF0C2 /* Category.swift */ = {isa = PBXFileReference; fileEncoding = 4; lastKnownFileType = sourcecode.swift; path = Category.swift; sourceTree = "<group>"; };
		33F590811E23AD5A00ADF0C2 /* CategoryFabric.swift */ = {isa = PBXFileReference; fileEncoding = 4; lastKnownFileType = sourcecode.swift; path = CategoryFabric.swift; sourceTree = "<group>"; };
		33F590871E23BA1B00ADF0C2 /* CategoriesViewController.swift */ = {isa = PBXFileReference; fileEncoding = 4; lastKnownFileType = sourcecode.swift; path = CategoriesViewController.swift; sourceTree = "<group>"; };
		33F5908A1E23E31000ADF0C2 /* CategoryTableViewCell.swift */ = {isa = PBXFileReference; fileEncoding = 4; lastKnownFileType = sourcecode.swift; path = CategoryTableViewCell.swift; sourceTree = "<group>"; };
		33F590941E244EC200ADF0C2 /* DetailViewController.swift */ = {isa = PBXFileReference; fileEncoding = 4; lastKnownFileType = sourcecode.swift; path = DetailViewController.swift; sourceTree = "<group>"; };
		33FB9F1F1E22BE30005B6913 /* UILabel.swift */ = {isa = PBXFileReference; fileEncoding = 4; lastKnownFileType = sourcecode.swift; path = UILabel.swift; sourceTree = "<group>"; };
		33FB9F231E22C4EA005B6913 /* SwiftyJSON.swift */ = {isa = PBXFileReference; fileEncoding = 4; lastKnownFileType = sourcecode.swift; path = SwiftyJSON.swift; sourceTree = "<group>"; };
		33FB9F241E22C4EA005B6913 /* API_WRAPPER.swift */ = {isa = PBXFileReference; fileEncoding = 4; lastKnownFileType = sourcecode.swift; path = API_WRAPPER.swift; sourceTree = "<group>"; };
		33FB9F281E22C53B005B6913 /* Const.swift */ = {isa = PBXFileReference; fileEncoding = 4; lastKnownFileType = sourcecode.swift; path = Const.swift; sourceTree = "<group>"; };
		33FB9F2A1E22CAB7005B6913 /* GetPostsManager.swift */ = {isa = PBXFileReference; fileEncoding = 4; lastKnownFileType = sourcecode.swift; path = GetPostsManager.swift; sourceTree = "<group>"; };
		33FB9F2D1E22CB97005B6913 /* Alerts.swift */ = {isa = PBXFileReference; fileEncoding = 4; lastKnownFileType = sourcecode.swift; path = Alerts.swift; sourceTree = "<group>"; };
		33FB9F2E1E22CB97005B6913 /* TopMessages.swift */ = {isa = PBXFileReference; fileEncoding = 4; lastKnownFileType = sourcecode.swift; path = TopMessages.swift; sourceTree = "<group>"; };
		33FB9F351E22CFBF005B6913 /* Product+CoreDataProperties.swift */ = {isa = PBXFileReference; fileEncoding = 4; lastKnownFileType = sourcecode.swift; name = "Product+CoreDataProperties.swift"; path = "../Product+CoreDataProperties.swift"; sourceTree = "<group>"; };
		33FD57571E200ABB00ADA93C /* LikeButton.swift */ = {isa = PBXFileReference; fileEncoding = 4; lastKnownFileType = sourcecode.swift; path = LikeButton.swift; sourceTree = "<group>"; };
		33FD57591E200CB400ADA93C /* ShowAllButton.swift */ = {isa = PBXFileReference; fileEncoding = 4; lastKnownFileType = sourcecode.swift; path = ShowAllButton.swift; sourceTree = "<group>"; };
		33FD6BA81E214E8B0012B0AF /* Protocols.swift */ = {isa = PBXFileReference; fileEncoding = 4; lastKnownFileType = sourcecode.swift; path = Protocols.swift; sourceTree = "<group>"; };
		33FE042B1E1ECA8D0061A044 /* Test_for_gglads.app */ = {isa = PBXFileReference; explicitFileType = wrapper.application; includeInIndex = 0; path = Test_for_gglads.app; sourceTree = BUILT_PRODUCTS_DIR; };
		33FE042E1E1ECA8D0061A044 /* AppDelegate.swift */ = {isa = PBXFileReference; lastKnownFileType = sourcecode.swift; path = AppDelegate.swift; sourceTree = "<group>"; };
		33FE04301E1ECA8D0061A044 /* ProductViewController.swift */ = {isa = PBXFileReference; lastKnownFileType = sourcecode.swift; path = ProductViewController.swift; sourceTree = "<group>"; };
		33FE04331E1ECA8D0061A044 /* Base */ = {isa = PBXFileReference; lastKnownFileType = file.storyboard; name = Base; path = Base.lproj/Main.storyboard; sourceTree = "<group>"; };
		33FE04361E1ECA8D0061A044 /* Test_for_gglads.xcdatamodel */ = {isa = PBXFileReference; lastKnownFileType = wrapper.xcdatamodel; path = Test_for_gglads.xcdatamodel; sourceTree = "<group>"; };
		33FE04381E1ECA8D0061A044 /* Assets.xcassets */ = {isa = PBXFileReference; lastKnownFileType = folder.assetcatalog; path = Assets.xcassets; sourceTree = "<group>"; };
		33FE043B1E1ECA8D0061A044 /* Base */ = {isa = PBXFileReference; lastKnownFileType = file.storyboard; name = Base; path = Base.lproj/LaunchScreen.storyboard; sourceTree = "<group>"; };
		33FE043D1E1ECA8D0061A044 /* Info.plist */ = {isa = PBXFileReference; lastKnownFileType = text.plist.xml; path = Info.plist; sourceTree = "<group>"; };
		33FE04481E1ECC000061A044 /* ProductTableViewCell.swift */ = {isa = PBXFileReference; fileEncoding = 4; lastKnownFileType = sourcecode.swift; path = ProductTableViewCell.swift; sourceTree = "<group>"; };
		33FE04491E1ECC000061A044 /* ProductTableViewCell.xib */ = {isa = PBXFileReference; fileEncoding = 4; lastKnownFileType = file.xib; path = ProductTableViewCell.xib; sourceTree = "<group>"; };
		33FE04541E1EE4520061A044 /* Product.swift */ = {isa = PBXFileReference; fileEncoding = 4; lastKnownFileType = sourcecode.swift; name = Product.swift; path = ../Product.swift; sourceTree = "<group>"; };
		33FE045C1E1EE7FB0061A044 /* CoreDataManager.swift */ = {isa = PBXFileReference; fileEncoding = 4; lastKnownFileType = sourcecode.swift; path = CoreDataManager.swift; sourceTree = "<group>"; };
		33FE045E1E1EE88C0061A044 /* ProductFabric.swift */ = {isa = PBXFileReference; fileEncoding = 4; lastKnownFileType = sourcecode.swift; path = ProductFabric.swift; sourceTree = "<group>"; };
		43C4A617727D44316F5DED69 /* Pods_Test_for_gglads.framework */ = {isa = PBXFileReference; explicitFileType = wrapper.framework; includeInIndex = 0; path = Pods_Test_for_gglads.framework; sourceTree = BUILT_PRODUCTS_DIR; };
		C0141E9036C6538FF3BA982A /* Pods-Test_for_gglads.debug.xcconfig */ = {isa = PBXFileReference; includeInIndex = 1; lastKnownFileType = text.xcconfig; name = "Pods-Test_for_gglads.debug.xcconfig"; path = "Pods/Target Support Files/Pods-Test_for_gglads/Pods-Test_for_gglads.debug.xcconfig"; sourceTree = "<group>"; };
/* End PBXFileReference section */

/* Begin PBXFrameworksBuildPhase section */
		33FE04281E1ECA8D0061A044 /* Frameworks */ = {
			isa = PBXFrameworksBuildPhase;
			buildActionMask = 2147483647;
			files = (
				2A2807E1F3EFEB4E0331F0A4 /* Pods_Test_for_gglads.framework in Frameworks */,
			);
			runOnlyForDeploymentPostprocessing = 0;
		};
/* End PBXFrameworksBuildPhase section */

/* Begin PBXGroup section */
		1DEFAD9F4BEE4E38B26AC0EA /* Frameworks */ = {
			isa = PBXGroup;
			children = (
				43C4A617727D44316F5DED69 /* Pods_Test_for_gglads.framework */,
			);
			name = Frameworks;
			sourceTree = "<group>";
		};
		33F5907C1E23ACAB00ADF0C2 /* Category Model */ = {
			isa = PBXGroup;
			children = (
				33F5907D1E23ACC600ADF0C2 /* Category+CoreDataProperties.swift */,
				33F5907E1E23ACC600ADF0C2 /* Category.swift */,
				33F590811E23AD5A00ADF0C2 /* CategoryFabric.swift */,
			);
			name = "Category Model";
			sourceTree = "<group>";
		};
		33F590851E23B9F000ADF0C2 /* CATEGORIES CONTROLLER */ = {
			isa = PBXGroup;
			children = (
				33F590891E23E2F900ADF0C2 /* Cell Class */,
				33F590861E23BA0400ADF0C2 /* View */,
			);
			name = "CATEGORIES CONTROLLER";
			sourceTree = "<group>";
		};
		33F590861E23BA0400ADF0C2 /* View */ = {
			isa = PBXGroup;
			children = (
				33F590871E23BA1B00ADF0C2 /* CategoriesViewController.swift */,
			);
			name = View;
			sourceTree = "<group>";
		};
		33F590891E23E2F900ADF0C2 /* Cell Class */ = {
			isa = PBXGroup;
			children = (
				33F5908A1E23E31000ADF0C2 /* CategoryTableViewCell.swift */,
			);
			name = "Cell Class";
			sourceTree = "<group>";
		};
		33F590921E244E9C00ADF0C2 /* DETAIL CONTROLLER */ = {
			isa = PBXGroup;
			children = (
				33F590931E244EAA00ADF0C2 /* Viiew */,
			);
			name = "DETAIL CONTROLLER";
			sourceTree = "<group>";
		};
		33F590931E244EAA00ADF0C2 /* Viiew */ = {
			isa = PBXGroup;
			children = (
				33F590941E244EC200ADF0C2 /* DetailViewController.swift */,
			);
			name = Viiew;
			sourceTree = "<group>";
		};
		33FB9F1E1E22BE1E005B6913 /* CLASS EXTENSIONS */ = {
			isa = PBXGroup;
			children = (
				33FB9F1F1E22BE30005B6913 /* UILabel.swift */,
			);
			name = "CLASS EXTENSIONS";
			sourceTree = "<group>";
		};
		33FB9F211E22C4CE005B6913 /* GENERAL MANAGERS */ = {
			isa = PBXGroup;
			children = (
				33FB9F2C1E22CB7E005B6913 /* Alerts */,
				33FB9F221E22C4DB005B6913 /* API_WRAPPER and JSON */,
			);
			name = "GENERAL MANAGERS";
			sourceTree = "<group>";
		};
		33FB9F221E22C4DB005B6913 /* API_WRAPPER and JSON */ = {
			isa = PBXGroup;
			children = (
				33FB9F231E22C4EA005B6913 /* SwiftyJSON.swift */,
				33FB9F241E22C4EA005B6913 /* API_WRAPPER.swift */,
			);
			name = "API_WRAPPER and JSON";
			sourceTree = "<group>";
		};
		33FB9F271E22C530005B6913 /* CONST */ = {
			isa = PBXGroup;
			children = (
				33FB9F281E22C53B005B6913 /* Const.swift */,
			);
			name = CONST;
			sourceTree = "<group>";
		};
		33FB9F2C1E22CB7E005B6913 /* Alerts */ = {
			isa = PBXGroup;
			children = (
				33FB9F2D1E22CB97005B6913 /* Alerts.swift */,
				33FB9F2E1E22CB97005B6913 /* TopMessages.swift */,
			);
			name = Alerts;
			sourceTree = "<group>";
		};
		33FD57561E200A9B00ADA93C /* CustomClasses */ = {
			isa = PBXGroup;
			children = (
				33FD57571E200ABB00ADA93C /* LikeButton.swift */,
				33FD57591E200CB400ADA93C /* ShowAllButton.swift */,
				33F590761E23970700ADF0C2 /* TitleButton.swift */,
			);
			name = CustomClasses;
			sourceTree = "<group>";
		};
		33FD6BA71E214E800012B0AF /* PROTOCOLS */ = {
			isa = PBXGroup;
			children = (
				33FD6BA81E214E8B0012B0AF /* Protocols.swift */,
			);
			name = PROTOCOLS;
			sourceTree = "<group>";
		};
		33FE04221E1ECA8D0061A044 = {
			isa = PBXGroup;
			children = (
				33FE04321E1ECA8D0061A044 /* Main.storyboard */,
				33FE042D1E1ECA8D0061A044 /* Test_for_gglads */,
				33FE042C1E1ECA8D0061A044 /* Products */,
				55BD239CCF9E79AB7AEBCCAB /* Pods */,
				1DEFAD9F4BEE4E38B26AC0EA /* Frameworks */,
			);
			sourceTree = "<group>";
		};
		33FE042C1E1ECA8D0061A044 /* Products */ = {
			isa = PBXGroup;
			children = (
				33FE042B1E1ECA8D0061A044 /* Test_for_gglads.app */,
			);
			name = Products;
			sourceTree = "<group>";
		};
		33FE042D1E1ECA8D0061A044 /* Test_for_gglads */ = {
			isa = PBXGroup;
			children = (
				33F590921E244E9C00ADF0C2 /* DETAIL CONTROLLER */,
				33F590851E23B9F000ADF0C2 /* CATEGORIES CONTROLLER */,
				33FB9F271E22C530005B6913 /* CONST */,
				33FB9F211E22C4CE005B6913 /* GENERAL MANAGERS */,
				33FB9F1E1E22BE1E005B6913 /* CLASS EXTENSIONS */,
				33FD6BA71E214E800012B0AF /* PROTOCOLS */,
				33FE04451E1ECB750061A044 /* PRODUCTS CONTROLLER */,
				33FE04431E1ECB3B0061A044 /* OTHER */,
				33FE04441E1ECB5F0061A044 /* CORE DATA */,
			);
			path = Test_for_gglads;
			sourceTree = "<group>";
		};
		33FE04431E1ECB3B0061A044 /* OTHER */ = {
			isa = PBXGroup;
			children = (
				33FE042E1E1ECA8D0061A044 /* AppDelegate.swift */,
				33FE043A1E1ECA8D0061A044 /* LaunchScreen.storyboard */,
				33FE043D1E1ECA8D0061A044 /* Info.plist */,
				33FE04381E1ECA8D0061A044 /* Assets.xcassets */,
			);
			name = OTHER;
			sourceTree = "<group>";
		};
		33FE04441E1ECB5F0061A044 /* CORE DATA */ = {
			isa = PBXGroup;
			children = (
				33FE04601E1EF24F0061A044 /* Core Data File */,
				33FE045B1E1EE7D90061A044 /* CoreDataManager */,
				33FE04521E1EE3B10061A044 /* Models */,
			);
			name = "CORE DATA";
			sourceTree = "<group>";
		};
		33FE04451E1ECB750061A044 /* PRODUCTS CONTROLLER */ = {
			isa = PBXGroup;
			children = (
				33FD57561E200A9B00ADA93C /* CustomClasses */,
				33FE04461E1ECBD80061A044 /* Custom Views */,
				33FE04611E1EFBDD0061A044 /* View */,
				33FE04581E1EE6E10061A044 /* Managers */,
			);
			name = "PRODUCTS CONTROLLER";
			sourceTree = "<group>";
		};
		33FE04461E1ECBD80061A044 /* Custom Views */ = {
			isa = PBXGroup;
			children = (
				33FE04471E1ECBE00061A044 /* Product Cell */,
			);
			name = "Custom Views";
			sourceTree = "<group>";
		};
		33FE04471E1ECBE00061A044 /* Product Cell */ = {
			isa = PBXGroup;
			children = (
				33FE04481E1ECC000061A044 /* ProductTableViewCell.swift */,
				33FE04491E1ECC000061A044 /* ProductTableViewCell.xib */,
			);
			name = "Product Cell";
			sourceTree = "<group>";
		};
		33FE04521E1EE3B10061A044 /* Models */ = {
			isa = PBXGroup;
			children = (
				33F5907C1E23ACAB00ADF0C2 /* Category Model */,
				33FE04571E1EE45D0061A044 /* ProductModel */,
			);
			name = Models;
			sourceTree = "<group>";
		};
		33FE04571E1EE45D0061A044 /* ProductModel */ = {
			isa = PBXGroup;
			children = (
				33FB9F351E22CFBF005B6913 /* Product+CoreDataProperties.swift */,
				33FE04541E1EE4520061A044 /* Product.swift */,
				33FE045E1E1EE88C0061A044 /* ProductFabric.swift */,
			);
			name = ProductModel;
			sourceTree = "<group>";
		};
		33FE04581E1EE6E10061A044 /* Managers */ = {
			isa = PBXGroup;
			children = (
				33FB9F2A1E22CAB7005B6913 /* GetPostsManager.swift */,
				33F5907A1E23ABB500ADF0C2 /* GetCategoriesManager.swift */,
			);
			name = Managers;
			sourceTree = "<group>";
		};
		33FE045B1E1EE7D90061A044 /* CoreDataManager */ = {
			isa = PBXGroup;
			children = (
				33FE045C1E1EE7FB0061A044 /* CoreDataManager.swift */,
			);
			name = CoreDataManager;
			sourceTree = "<group>";
		};
		33FE04601E1EF24F0061A044 /* Core Data File */ = {
			isa = PBXGroup;
			children = (
				33FE04351E1ECA8D0061A044 /* Test_for_gglads.xcdatamodeld */,
			);
			name = "Core Data File";
			sourceTree = "<group>";
		};
		33FE04611E1EFBDD0061A044 /* View */ = {
			isa = PBXGroup;
			children = (
				33FE04301E1ECA8D0061A044 /* ProductViewController.swift */,
			);
			name = View;
			sourceTree = "<group>";
		};
		55BD239CCF9E79AB7AEBCCAB /* Pods */ = {
			isa = PBXGroup;
			children = (
				C0141E9036C6538FF3BA982A /* Pods-Test_for_gglads.debug.xcconfig */,
				22535185546140ADEC093485 /* Pods-Test_for_gglads.release.xcconfig */,
			);
			name = Pods;
			sourceTree = "<group>";
		};
/* End PBXGroup section */

/* Begin PBXNativeTarget section */
		33FE042A1E1ECA8D0061A044 /* Test_for_gglads */ = {
			isa = PBXNativeTarget;
			buildConfigurationList = 33FE04401E1ECA8D0061A044 /* Build configuration list for PBXNativeTarget "Test_for_gglads" */;
			buildPhases = (
				6CFB2D98897F793B891604D2 /* [CP] Check Pods Manifest.lock */,
				33FE04271E1ECA8D0061A044 /* Sources */,
				33FE04281E1ECA8D0061A044 /* Frameworks */,
				33FE04291E1ECA8D0061A044 /* Resources */,
				B64B5D62F046F50107CC9160 /* [CP] Embed Pods Frameworks */,
				624B63DE5855610B10C90DE9 /* [CP] Copy Pods Resources */,
			);
			buildRules = (
			);
			dependencies = (
			);
			name = Test_for_gglads;
			productName = Test_for_gglads;
			productReference = 33FE042B1E1ECA8D0061A044 /* Test_for_gglads.app */;
			productType = "com.apple.product-type.application";
		};
/* End PBXNativeTarget section */

/* Begin PBXProject section */
		33FE04231E1ECA8D0061A044 /* Project object */ = {
			isa = PBXProject;
			attributes = {
				LastSwiftUpdateCheck = 0730;
				LastUpgradeCheck = 0730;
				ORGANIZATIONNAME = Denis;
				TargetAttributes = {
					33FE042A1E1ECA8D0061A044 = {
						CreatedOnToolsVersion = 7.3;
					};
				};
			};
			buildConfigurationList = 33FE04261E1ECA8D0061A044 /* Build configuration list for PBXProject "Test_for_gglads" */;
			compatibilityVersion = "Xcode 3.2";
			developmentRegion = English;
			hasScannedForEncodings = 0;
			knownRegions = (
				en,
				Base,
			);
			mainGroup = 33FE04221E1ECA8D0061A044;
			productRefGroup = 33FE042C1E1ECA8D0061A044 /* Products */;
			projectDirPath = "";
			projectRoot = "";
			targets = (
				33FE042A1E1ECA8D0061A044 /* Test_for_gglads */,
			);
		};
/* End PBXProject section */

/* Begin PBXResourcesBuildPhase section */
		33FE04291E1ECA8D0061A044 /* Resources */ = {
			isa = PBXResourcesBuildPhase;
			buildActionMask = 2147483647;
			files = (
				33FE043C1E1ECA8D0061A044 /* LaunchScreen.storyboard in Resources */,
				33FE044B1E1ECC000061A044 /* ProductTableViewCell.xib in Resources */,
				33FE04391E1ECA8D0061A044 /* Assets.xcassets in Resources */,
				33FE04341E1ECA8D0061A044 /* Main.storyboard in Resources */,
			);
			runOnlyForDeploymentPostprocessing = 0;
		};
/* End PBXResourcesBuildPhase section */

/* Begin PBXShellScriptBuildPhase section */
		624B63DE5855610B10C90DE9 /* [CP] Copy Pods Resources */ = {
			isa = PBXShellScriptBuildPhase;
			buildActionMask = 2147483647;
			files = (
			);
			inputPaths = (
			);
			name = "[CP] Copy Pods Resources";
			outputPaths = (
			);
			runOnlyForDeploymentPostprocessing = 0;
			shellPath = /bin/sh;
			shellScript = "\"${SRCROOT}/Pods/Target Support Files/Pods-Test_for_gglads/Pods-Test_for_gglads-resources.sh\"\n";
			showEnvVarsInLog = 0;
		};
		6CFB2D98897F793B891604D2 /* [CP] Check Pods Manifest.lock */ = {
			isa = PBXShellScriptBuildPhase;
			buildActionMask = 2147483647;
			files = (
			);
			inputPaths = (
			);
			name = "[CP] Check Pods Manifest.lock";
			outputPaths = (
			);
			runOnlyForDeploymentPostprocessing = 0;
			shellPath = /bin/sh;
			shellScript = "diff \"${PODS_ROOT}/../Podfile.lock\" \"${PODS_ROOT}/Manifest.lock\" > /dev/null\nif [ $? != 0 ] ; then\n    # print error to STDERR\n    echo \"error: The sandbox is not in sync with the Podfile.lock. Run 'pod install' or update your CocoaPods installation.\" >&2\n    exit 1\nfi\n";
			showEnvVarsInLog = 0;
		};
		B64B5D62F046F50107CC9160 /* [CP] Embed Pods Frameworks */ = {
			isa = PBXShellScriptBuildPhase;
			buildActionMask = 2147483647;
			files = (
			);
			inputPaths = (
			);
			name = "[CP] Embed Pods Frameworks";
			outputPaths = (
			);
			runOnlyForDeploymentPostprocessing = 0;
			shellPath = /bin/sh;
			shellScript = "\"${SRCROOT}/Pods/Target Support Files/Pods-Test_for_gglads/Pods-Test_for_gglads-frameworks.sh\"\n";
			showEnvVarsInLog = 0;
		};
/* End PBXShellScriptBuildPhase section */

/* Begin PBXSourcesBuildPhase section */
		33FE04271E1ECA8D0061A044 /* Sources */ = {
			isa = PBXSourcesBuildPhase;
			buildActionMask = 2147483647;
			files = (
				33F5907B1E23ABB500ADF0C2 /* GetCategoriesManager.swift in Sources */,
				33FE045F1E1EE88C0061A044 /* ProductFabric.swift in Sources */,
				33FE04311E1ECA8D0061A044 /* ProductViewController.swift in Sources */,
				33FD6BA91E214E8B0012B0AF /* Protocols.swift in Sources */,
				33FB9F201E22BE30005B6913 /* UILabel.swift in Sources */,
				33FB9F301E22CB97005B6913 /* TopMessages.swift in Sources */,
				33FB9F251E22C4EA005B6913 /* SwiftyJSON.swift in Sources */,
				33FE044A1E1ECC000061A044 /* ProductTableViewCell.swift in Sources */,
				33FE042F1E1ECA8D0061A044 /* AppDelegate.swift in Sources */,
				33FE04371E1ECA8D0061A044 /* Test_for_gglads.xcdatamodeld in Sources */,
				33FB9F2B1E22CAB7005B6913 /* GetPostsManager.swift in Sources */,
				33F590881E23BA1B00ADF0C2 /* CategoriesViewController.swift in Sources */,
				33FB9F261E22C4EA005B6913 /* API_WRAPPER.swift in Sources */,
				33F590951E244EC200ADF0C2 /* DetailViewController.swift in Sources */,
				33FE045D1E1EE7FB0061A044 /* CoreDataManager.swift in Sources */,
				33F590801E23ACC600ADF0C2 /* Category.swift in Sources */,
				33FD57581E200ABB00ADA93C /* LikeButton.swift in Sources */,
				33FB9F361E22CFBF005B6913 /* Product+CoreDataProperties.swift in Sources */,
				33FB9F291E22C53B005B6913 /* Const.swift in Sources */,
				33F5907F1E23ACC600ADF0C2 /* Category+CoreDataProperties.swift in Sources */,
				33FD575A1E200CB400ADA93C /* ShowAllButton.swift in Sources */,
				33F590821E23AD5A00ADF0C2 /* CategoryFabric.swift in Sources */,
				33FB9F2F1E22CB97005B6913 /* Alerts.swift in Sources */,
				33F590771E23970700ADF0C2 /* TitleButton.swift in Sources */,
				33FE04561E1EE4520061A044 /* Product.swift in Sources */,
				33F5908B1E23E31000ADF0C2 /* CategoryTableViewCell.swift in Sources */,
			);
			runOnlyForDeploymentPostprocessing = 0;
		};
/* End PBXSourcesBuildPhase section */

/* Begin PBXVariantGroup section */
		33FE04321E1ECA8D0061A044 /* Main.storyboard */ = {
			isa = PBXVariantGroup;
			children = (
				33FE04331E1ECA8D0061A044 /* Base */,
			);
			name = Main.storyboard;
			path = Test_for_gglads;
			sourceTree = "<group>";
		};
		33FE043A1E1ECA8D0061A044 /* LaunchScreen.storyboard */ = {
			isa = PBXVariantGroup;
			children = (
				33FE043B1E1ECA8D0061A044 /* Base */,
			);
			name = LaunchScreen.storyboard;
			sourceTree = "<group>";
		};
/* End PBXVariantGroup section */

/* Begin XCBuildConfiguration section */
		33FE043E1E1ECA8D0061A044 /* Debug */ = {
			isa = XCBuildConfiguration;
			buildSettings = {
				ALWAYS_SEARCH_USER_PATHS = NO;
				CLANG_ANALYZER_NONNULL = YES;
				CLANG_CXX_LANGUAGE_STANDARD = "gnu++0x";
				CLANG_CXX_LIBRARY = "libc++";
				CLANG_ENABLE_MODULES = YES;
				CLANG_ENABLE_OBJC_ARC = YES;
				CLANG_WARN_BOOL_CONVERSION = YES;
				CLANG_WARN_CONSTANT_CONVERSION = YES;
				CLANG_WARN_DIRECT_OBJC_ISA_USAGE = YES_ERROR;
				CLANG_WARN_EMPTY_BODY = YES;
				CLANG_WARN_ENUM_CONVERSION = YES;
				CLANG_WARN_INT_CONVERSION = YES;
				CLANG_WARN_OBJC_ROOT_CLASS = YES_ERROR;
				CLANG_WARN_UNREACHABLE_CODE = YES;
				CLANG_WARN__DUPLICATE_METHOD_MATCH = YES;
				"CODE_SIGN_IDENTITY[sdk=iphoneos*]" = "iPhone Developer";
				COPY_PHASE_STRIP = NO;
				DEBUG_INFORMATION_FORMAT = dwarf;
				ENABLE_STRICT_OBJC_MSGSEND = YES;
				ENABLE_TESTABILITY = YES;
				GCC_C_LANGUAGE_STANDARD = gnu99;
				GCC_DYNAMIC_NO_PIC = NO;
				GCC_NO_COMMON_BLOCKS = YES;
				GCC_OPTIMIZATION_LEVEL = 0;
				GCC_PREPROCESSOR_DEFINITIONS = (
					"DEBUG=1",
					"$(inherited)",
				);
				GCC_WARN_64_TO_32_BIT_CONVERSION = YES;
				GCC_WARN_ABOUT_RETURN_TYPE = YES_ERROR;
				GCC_WARN_UNDECLARED_SELECTOR = YES;
				GCC_WARN_UNINITIALIZED_AUTOS = YES_AGGRESSIVE;
				GCC_WARN_UNUSED_FUNCTION = YES;
				GCC_WARN_UNUSED_VARIABLE = YES;
				IPHONEOS_DEPLOYMENT_TARGET = 9.3;
				MTL_ENABLE_DEBUG_INFO = YES;
				ONLY_ACTIVE_ARCH = YES;
				SDKROOT = iphoneos;
				SWIFT_OPTIMIZATION_LEVEL = "-Onone";
			};
			name = Debug;
		};
		33FE043F1E1ECA8D0061A044 /* Release */ = {
			isa = XCBuildConfiguration;
			buildSettings = {
				ALWAYS_SEARCH_USER_PATHS = NO;
				CLANG_ANALYZER_NONNULL = YES;
				CLANG_CXX_LANGUAGE_STANDARD = "gnu++0x";
				CLANG_CXX_LIBRARY = "libc++";
				CLANG_ENABLE_MODULES = YES;
				CLANG_ENABLE_OBJC_ARC = YES;
				CLANG_WARN_BOOL_CONVERSION = YES;
				CLANG_WARN_CONSTANT_CONVERSION = YES;
				CLANG_WARN_DIRECT_OBJC_ISA_USAGE = YES_ERROR;
				CLANG_WARN_EMPTY_BODY = YES;
				CLANG_WARN_ENUM_CONVERSION = YES;
				CLANG_WARN_INT_CONVERSION = YES;
				CLANG_WARN_OBJC_ROOT_CLASS = YES_ERROR;
				CLANG_WARN_UNREACHABLE_CODE = YES;
				CLANG_WARN__DUPLICATE_METHOD_MATCH = YES;
				"CODE_SIGN_IDENTITY[sdk=iphoneos*]" = "iPhone Developer";
				COPY_PHASE_STRIP = NO;
				DEBUG_INFORMATION_FORMAT = "dwarf-with-dsym";
				ENABLE_NS_ASSERTIONS = NO;
				ENABLE_STRICT_OBJC_MSGSEND = YES;
				GCC_C_LANGUAGE_STANDARD = gnu99;
				GCC_NO_COMMON_BLOCKS = YES;
				GCC_WARN_64_TO_32_BIT_CONVERSION = YES;
				GCC_WARN_ABOUT_RETURN_TYPE = YES_ERROR;
				GCC_WARN_UNDECLARED_SELECTOR = YES;
				GCC_WARN_UNINITIALIZED_AUTOS = YES_AGGRESSIVE;
				GCC_WARN_UNUSED_FUNCTION = YES;
				GCC_WARN_UNUSED_VARIABLE = YES;
				IPHONEOS_DEPLOYMENT_TARGET = 9.3;
				MTL_ENABLE_DEBUG_INFO = NO;
				SDKROOT = iphoneos;
				VALIDATE_PRODUCT = YES;
			};
			name = Release;
		};
		33FE04411E1ECA8D0061A044 /* Debug */ = {
			isa = XCBuildConfiguration;
			baseConfigurationReference = C0141E9036C6538FF3BA982A /* Pods-Test_for_gglads.debug.xcconfig */;
			buildSettings = {
				ASSETCATALOG_COMPILER_APPICON_NAME = AppIcon;
				INFOPLIST_FILE = Test_for_gglads/Info.plist;
				IPHONEOS_DEPLOYMENT_TARGET = 9.0;
				LD_RUNPATH_SEARCH_PATHS = "$(inherited) @executable_path/Frameworks";
				PRODUCT_BUNDLE_IDENTIFIER = "DP.Test-for-gglads";
				PRODUCT_NAME = "$(TARGET_NAME)";
			};
			name = Debug;
		};
		33FE04421E1ECA8D0061A044 /* Release */ = {
			isa = XCBuildConfiguration;
			baseConfigurationReference = 22535185546140ADEC093485 /* Pods-Test_for_gglads.release.xcconfig */;
			buildSettings = {
				ASSETCATALOG_COMPILER_APPICON_NAME = AppIcon;
				INFOPLIST_FILE = Test_for_gglads/Info.plist;
				IPHONEOS_DEPLOYMENT_TARGET = 9.0;
				LD_RUNPATH_SEARCH_PATHS = "$(inherited) @executable_path/Frameworks";
				PRODUCT_BUNDLE_IDENTIFIER = "DP.Test-for-gglads";
				PRODUCT_NAME = "$(TARGET_NAME)";
			};
			name = Release;
		};
/* End XCBuildConfiguration section */

/* Begin XCConfigurationList section */
		33FE04261E1ECA8D0061A044 /* Build configuration list for PBXProject "Test_for_gglads" */ = {
			isa = XCConfigurationList;
			buildConfigurations = (
				33FE043E1E1ECA8D0061A044 /* Debug */,
				33FE043F1E1ECA8D0061A044 /* Release */,
			);
			defaultConfigurationIsVisible = 0;
			defaultConfigurationName = Release;
		};
		33FE04401E1ECA8D0061A044 /* Build configuration list for PBXNativeTarget "Test_for_gglads" */ = {
			isa = XCConfigurationList;
			buildConfigurations = (
				33FE04411E1ECA8D0061A044 /* Debug */,
				33FE04421E1ECA8D0061A044 /* Release */,
			);
			defaultConfigurationIsVisible = 0;
			defaultConfigurationName = Release;
		};
/* End XCConfigurationList section */

/* Begin XCVersionGroup section */
		33FE04351E1ECA8D0061A044 /* Test_for_gglads.xcdatamodeld */ = {
			isa = XCVersionGroup;
			children = (
				33FE04361E1ECA8D0061A044 /* Test_for_gglads.xcdatamodel */,
			);
			currentVersion = 33FE04361E1ECA8D0061A044 /* Test_for_gglads.xcdatamodel */;
			path = Test_for_gglads.xcdatamodeld;
			sourceTree = "<group>";
			versionGroupType = wrapper.xcdatamodel;
		};
/* End XCVersionGroup section */
	};
	rootObject = 33FE04231E1ECA8D0061A044 /* Project object */;
}
